
Microsoft Visual Studio Solution File, Format Version 12.00
# Visual Studio Version 16
VisualStudioVersion = 16.0.29411.138
MinimumVisualStudioVersion = 10.0.40219.1
Project("{FAE04EC0-301F-11D3-BF4B-00C04F79EFBC}") = "proyecto_shopsys", "proyecto_shopsys.csproj", "{4539B413-8BDD-4FAA-8609-63395008ECFD}"
EndProject
Global
	GlobalSection(SolutionConfigurationPlatforms) = preSolution
		Debug|Any CPU = Debug|Any CPU
		Release|Any CPU = Release|Any CPU
	EndGlobalSection
	GlobalSection(ProjectConfigurationPlatforms) = postSolution
		{4539B413-8BDD-4FAA-8609-63395008ECFD}.Debug|Any CPU.ActiveCfg = Debug|Any CPU
		{4539B413-8BDD-4FAA-8609-63395008ECFD}.Debug|Any CPU.Build.0 = Debug|Any CPU
		{4539B413-8BDD-4FAA-8609-63395008ECFD}.Release|Any CPU.ActiveCfg = Release|Any CPU
		{4539B413-8BDD-4FAA-8609-63395008ECFD}.Release|Any CPU.Build.0 = Release|Any CPU
	EndGlobalSection
	GlobalSection(SolutionProperties) = preSolution
		HideSolutionNode = FALSE
	EndGlobalSection
	GlobalSection(ExtensibilityGlobals) = postSolution
		SolutionGuid = {23F2EFFF-7054-4FA9-9FCC-397CAB77D3E7}
	EndGlobalSection
EndGlobal
